
Microsoft Visual Studio Solution File, Format Version 12.00
# Visual Studio Version 17
VisualStudioVersion = 17.5.002.0
MinimumVisualStudioVersion = 10.0.40219.1
Project("{9A19103F-16F7-4668-BE54-9A1E7A4F7556}") = "ex1", "ex1\ex1.csproj", "{032A6608-F29F-4393-9016-E3BD3814DC48}"
EndProject
Global
	GlobalSection(SolutionConfigurationPlatforms) = preSolution
		Debug|Any CPU = Debug|Any CPU
		Release|Any CPU = Release|Any CPU
	EndGlobalSection
	GlobalSection(ProjectConfigurationPlatforms) = postSolution
		{032A6608-F29F-4393-9016-E3BD3814DC48}.Debug|Any CPU.ActiveCfg = Debug|Any CPU
		{032A6608-F29F-4393-9016-E3BD3814DC48}.Debug|Any CPU.Build.0 = Debug|Any CPU
		{032A6608-F29F-4393-9016-E3BD3814DC48}.Release|Any CPU.ActiveCfg = Release|Any CPU
		{032A6608-F29F-4393-9016-E3BD3814DC48}.Release|Any CPU.Build.0 = Release|Any CPU
	EndGlobalSection
	GlobalSection(SolutionProperties) = preSolution
		HideSolutionNode = FALSE
	EndGlobalSection
	GlobalSection(ExtensibilityGlobals) = postSolution
		SolutionGuid = {F5097D1C-51BE-42CA-9572-890E87A92325}
	EndGlobalSection
EndGlobal
